
Microsoft Visual Studio Solution File, Format Version 12.00
# Visual Studio Version 16
VisualStudioVersion = 16.0.32802.440
MinimumVisualStudioVersion = 10.0.40219.1
Project("{FAE04EC0-301F-11D3-BF4B-00C04F79EFBC}") = "ConsoleApp1", "ConsoleApp1\ConsoleApp1.csproj", "{623DF10B-EBB1-49B9-AABE-F6A3DA63523E}"
EndProject
Global
	GlobalSection(SolutionConfigurationPlatforms) = preSolution
		Debug|Any CPU = Debug|Any CPU
		Release|Any CPU = Release|Any CPU
	EndGlobalSection
	GlobalSection(ProjectConfigurationPlatforms) = postSolution
		{623DF10B-EBB1-49B9-AABE-F6A3DA63523E}.Debug|Any CPU.ActiveCfg = Debug|Any CPU
		{623DF10B-EBB1-49B9-AABE-F6A3DA63523E}.Debug|Any CPU.Build.0 = Debug|Any CPU
		{623DF10B-EBB1-49B9-AABE-F6A3DA63523E}.Release|Any CPU.ActiveCfg = Release|Any CPU
		{623DF10B-EBB1-49B9-AABE-F6A3DA63523E}.Release|Any CPU.Build.0 = Release|Any CPU
	EndGlobalSection
	GlobalSection(SolutionProperties) = preSolution
		HideSolutionNode = FALSE
	EndGlobalSection
	GlobalSection(ExtensibilityGlobals) = postSolution
		SolutionGuid = {B8C1BB83-11B5-4C55-A427-70C6317D5A08}
	EndGlobalSection
EndGlobal
